
Microsoft Visual Studio Solution File, Format Version 12.00
# Visual Studio Version 16
VisualStudioVersion = 16.0.29519.87
MinimumVisualStudioVersion = 10.0.40219.1
Project("{FAE04EC0-301F-11D3-BF4B-00C04F79EFBC}") = "HomeAppTask", "HomeAppTask\HomeAppTask.csproj", "{DDA5A918-7338-4765-A3DA-FDFA079D9D6E}"
EndProject
Global
	GlobalSection(SolutionConfigurationPlatforms) = preSolution
		Debug|Any CPU = Debug|Any CPU
		Release|Any CPU = Release|Any CPU
	EndGlobalSection
	GlobalSection(ProjectConfigurationPlatforms) = postSolution
		{DDA5A918-7338-4765-A3DA-FDFA079D9D6E}.Debug|Any CPU.ActiveCfg = Debug|Any CPU
		{DDA5A918-7338-4765-A3DA-FDFA079D9D6E}.Debug|Any CPU.Build.0 = Debug|Any CPU
		{DDA5A918-7338-4765-A3DA-FDFA079D9D6E}.Release|Any CPU.ActiveCfg = Release|Any CPU
		{DDA5A918-7338-4765-A3DA-FDFA079D9D6E}.Release|Any CPU.Build.0 = Release|Any CPU
	EndGlobalSection
	GlobalSection(SolutionProperties) = preSolution
		HideSolutionNode = FALSE
	EndGlobalSection
	GlobalSection(ExtensibilityGlobals) = postSolution
		SolutionGuid = {0E3D4C78-BC7D-4DF2-82E8-B5E6E8CB04F2}
	EndGlobalSection
EndGlobal
